
Microsoft Visual Studio Solution File, Format Version 12.00
# Visual Studio Version 17
VisualStudioVersion = 17.14.36212.18 d17.14
MinimumVisualStudioVersion = 10.0.40219.1
Project("{FAE04EC0-301F-11D3-BF4B-00C04F79EFBC}") = "StaleBodySweeper", "StaleBodySweeper.csproj", "{EC1329E0-9DA9-4DE0-AB8E-35AD39A7E154}"
EndProject
Global
	GlobalSection(SolutionConfigurationPlatforms) = preSolution
		Debug|Any CPU = Debug|Any CPU
		Release|Any CPU = Release|Any CPU
	EndGlobalSection
	GlobalSection(ProjectConfigurationPlatforms) = postSolution
		{EC1329E0-9DA9-4DE0-AB8E-35AD39A7E154}.Debug|Any CPU.ActiveCfg = Debug|Any CPU
		{EC1329E0-9DA9-4DE0-AB8E-35AD39A7E154}.Debug|Any CPU.Build.0 = Debug|Any CPU
		{EC1329E0-9DA9-4DE0-AB8E-35AD39A7E154}.Release|Any CPU.ActiveCfg = Release|Any CPU
		{EC1329E0-9DA9-4DE0-AB8E-35AD39A7E154}.Release|Any CPU.Build.0 = Release|Any CPU
	EndGlobalSection
	GlobalSection(SolutionProperties) = preSolution
		HideSolutionNode = FALSE
	EndGlobalSection
	GlobalSection(ExtensibilityGlobals) = postSolution
		SolutionGuid = {2462F193-CF90-46FA-8FF6-472AB7024E27}
	EndGlobalSection
EndGlobal
